github.com/gempir/go-twitch-irc v1.1.0 h1:Q9gQGI/3yJzYwlYDlFsGJzWfpaqubMExfmBXNpOC6W0=
github.com/gempir/go-twitch-irc v1.1.0/go.mod h1:Pc661rsUSmkQXvI9W2bNyLt4ZrMAgHZPnVwMQEJ0fdo=
github.com/gempir/go-twitch-irc/v2 v2.7.0 h1:SBHeA1SL6TCHS3DeIFdyq3IOp3yKIZSB3TrHY6RRFc4=
github.com/gempir/go-twitch-irc/v2 v2.7.0/go.mod h1:120d2SdlRYg8tRnZwsyNPeS+mWPn+YmNEzB7Bv/CDGE=
